// !$*UTF8*$!
{
	archiveVersion = 1;
	classes = {
	};
	objectVersion = 52;
	objects = {

/* Begin PBXBuildFile section */
		4E04BA1A25E6769D00E4492F /* Drinking_GameApp.swift in Sources */ = {isa = PBXBuildFile; fileRef = 4E04BA1925E6769D00E4492F /* Drinking_GameApp.swift */; };
		4E04BA1E25E6769E00E4492F /* Assets.xcassets in Resources */ = {isa = PBXBuildFile; fileRef = 4E04BA1D25E6769E00E4492F /* Assets.xcassets */; };
		4E04BA2125E6769E00E4492F /* Preview Assets.xcassets in Resources */ = {isa = PBXBuildFile; fileRef = 4E04BA2025E6769E00E4492F /* Preview Assets.xcassets */; };
		4E04BA3525E6C6B700E4492F /* WelcomeView.swift in Sources */ = {isa = PBXBuildFile; fileRef = 4E04BA3425E6C6B700E4492F /* WelcomeView.swift */; };
		4E04BA3925E6C87E00E4492F /* IntroView.swift in Sources */ = {isa = PBXBuildFile; fileRef = 4E04BA3825E6C87E00E4492F /* IntroView.swift */; };
		4E04BA4025E6ED8A00E4492F /* ActivityIndicatorView in Frameworks */ = {isa = PBXBuildFile; productRef = 4E04BA3F25E6ED8A00E4492F /* ActivityIndicatorView */; };
		4E04BA4425E6F59A00E4492F /* WelcomeOptions.json in Resources */ = {isa = PBXBuildFile; fileRef = 4E04BA4325E6F59A00E4492F /* WelcomeOptions.json */; };
		4E04BA4C25E6F6B600E4492F /* KategoriskeDrikkelekerView.swift in Sources */ = {isa = PBXBuildFile; fileRef = 4E04BA4B25E6F6B600E4492F /* KategoriskeDrikkelekerView.swift */; };
		4E7E430425E6FC1A0005B1CB /* WelcomeCathegories.swift in Sources */ = {isa = PBXBuildFile; fileRef = 4E7E430325E6FC1A0005B1CB /* WelcomeCathegories.swift */; };
		4E7E430725E6FC7A0005B1CB /* WelcomeCathegoriesModel.swift in Sources */ = {isa = PBXBuildFile; fileRef = 4E7E430625E6FC7A0005B1CB /* WelcomeCathegoriesModel.swift */; };
		4E7E430B25E6FCD20005B1CB /* CathegoryService.swift in Sources */ = {isa = PBXBuildFile; fileRef = 4E7E430A25E6FCD20005B1CB /* CathegoryService.swift */; };
/* End PBXBuildFile section */

/* Begin PBXFileReference section */
		4E04BA1625E6769D00E4492F /* Drinking Game.app */ = {isa = PBXFileReference; explicitFileType = wrapper.application; includeInIndex = 0; path = "Drinking Game.app"; sourceTree = BUILT_PRODUCTS_DIR; };
		4E04BA1925E6769D00E4492F /* Drinking_GameApp.swift */ = {isa = PBXFileReference; lastKnownFileType = sourcecode.swift; path = Drinking_GameApp.swift; sourceTree = "<group>"; };
		4E04BA1D25E6769E00E4492F /* Assets.xcassets */ = {isa = PBXFileReference; lastKnownFileType = folder.assetcatalog; path = Assets.xcassets; sourceTree = "<group>"; };
		4E04BA2025E6769E00E4492F /* Preview Assets.xcassets */ = {isa = PBXFileReference; lastKnownFileType = folder.assetcatalog; path = "Preview Assets.xcassets"; sourceTree = "<group>"; };
		4E04BA2225E6769E00E4492F /* Info.plist */ = {isa = PBXFileReference; lastKnownFileType = text.plist.xml; path = Info.plist; sourceTree = "<group>"; };
		4E04BA3425E6C6B700E4492F /* WelcomeView.swift */ = {isa = PBXFileReference; lastKnownFileType = sourcecode.swift; path = WelcomeView.swift; sourceTree = "<group>"; };
		4E04BA3825E6C87E00E4492F /* IntroView.swift */ = {isa = PBXFileReference; lastKnownFileType = sourcecode.swift; path = IntroView.swift; sourceTree = "<group>"; };
		4E04BA4325E6F59A00E4492F /* WelcomeOptions.json */ = {isa = PBXFileReference; lastKnownFileType = text.json; path = WelcomeOptions.json; sourceTree = "<group>"; };
		4E04BA4B25E6F6B600E4492F /* KategoriskeDrikkelekerView.swift */ = {isa = PBXFileReference; lastKnownFileType = sourcecode.swift; path = KategoriskeDrikkelekerView.swift; sourceTree = "<group>"; };
		4E7E430325E6FC1A0005B1CB /* WelcomeCathegories.swift */ = {isa = PBXFileReference; lastKnownFileType = sourcecode.swift; path = WelcomeCathegories.swift; sourceTree = "<group>"; };
		4E7E430625E6FC7A0005B1CB /* WelcomeCathegoriesModel.swift */ = {isa = PBXFileReference; lastKnownFileType = sourcecode.swift; path = WelcomeCathegoriesModel.swift; sourceTree = "<group>"; };
		4E7E430A25E6FCD20005B1CB /* CathegoryService.swift */ = {isa = PBXFileReference; lastKnownFileType = sourcecode.swift; path = CathegoryService.swift; sourceTree = "<group>"; };
/* End PBXFileReference section */

/* Begin PBXFrameworksBuildPhase section */
		4E04BA1325E6769D00E4492F /* Frameworks */ = {
			isa = PBXFrameworksBuildPhase;
			buildActionMask = 2147483647;
			files = (
				4E04BA4025E6ED8A00E4492F /* ActivityIndicatorView in Frameworks */,
			);
			runOnlyForDeploymentPostprocessing = 0;
		};
/* End PBXFrameworksBuildPhase section */

/* Begin PBXGroup section */
		4E04BA0D25E6769D00E4492F = {
			isa = PBXGroup;
			children = (
				4E04BA1825E6769D00E4492F /* Drinking Game */,
				4E04BA1725E6769D00E4492F /* Products */,
			);
			sourceTree = "<group>";
		};
		4E04BA1725E6769D00E4492F /* Products */ = {
			isa = PBXGroup;
			children = (
				4E04BA1625E6769D00E4492F /* Drinking Game.app */,
			);
			name = Products;
			sourceTree = "<group>";
		};
		4E04BA1825E6769D00E4492F /* Drinking Game */ = {
			isa = PBXGroup;
			children = (
				4E04BA1925E6769D00E4492F /* Drinking_GameApp.swift */,
				4E04BA2A25E676E500E4492F /* Views */,
				4E04BA2D25E6771D00E4492F /* ViewModels */,
				4E04BA2925E676DF00E4492F /* Models */,
				4E7E430925E6FCAD0005B1CB /* Services */,
				4E04BA4225E6F56200E4492F /* Data */,
				4E04BA1D25E6769E00E4492F /* Assets.xcassets */,
				4E04BA2225E6769E00E4492F /* Info.plist */,
				4E04BA1F25E6769E00E4492F /* Preview Content */,
			);
			path = "Drinking Game";
			sourceTree = "<group>";
		};
		4E04BA1F25E6769E00E4492F /* Preview Content */ = {
			isa = PBXGroup;
			children = (
				4E04BA2025E6769E00E4492F /* Preview Assets.xcassets */,
			);
			path = "Preview Content";
			sourceTree = "<group>";
		};
		4E04BA2925E676DF00E4492F /* Models */ = {
			isa = PBXGroup;
			children = (
				4E7E430325E6FC1A0005B1CB /* WelcomeCathegories.swift */,
			);
			path = Models;
			sourceTree = "<group>";
		};
		4E04BA2A25E676E500E4492F /* Views */ = {
			isa = PBXGroup;
			children = (
				4E04BA3825E6C87E00E4492F /* IntroView.swift */,
				4E04BA3425E6C6B700E4492F /* WelcomeView.swift */,
				4E04BA4B25E6F6B600E4492F /* KategoriskeDrikkelekerView.swift */,
			);
			path = Views;
			sourceTree = "<group>";
		};
		4E04BA2D25E6771D00E4492F /* ViewModels */ = {
			isa = PBXGroup;
			children = (
				4E7E430625E6FC7A0005B1CB /* WelcomeCathegoriesModel.swift */,
			);
			path = ViewModels;
			sourceTree = "<group>";
		};
		4E04BA4225E6F56200E4492F /* Data */ = {
			isa = PBXGroup;
			children = (
				4E04BA4325E6F59A00E4492F /* WelcomeOptions.json */,
			);
			path = Data;
			sourceTree = "<group>";
		};
		4E7E430925E6FCAD0005B1CB /* Services */ = {
			isa = PBXGroup;
			children = (
				4E7E430A25E6FCD20005B1CB /* CathegoryService.swift */,
			);
			path = Services;
			sourceTree = "<group>";
		};
/* End PBXGroup section */

/* Begin PBXNativeTarget section */
		4E04BA1525E6769D00E4492F /* Drinking Game */ = {
			isa = PBXNativeTarget;
			buildConfigurationList = 4E04BA2525E6769E00E4492F /* Build configuration list for PBXNativeTarget "Drinking Game" */;
			buildPhases = (
				4E04BA1225E6769D00E4492F /* Sources */,
				4E04BA1325E6769D00E4492F /* Frameworks */,
				4E04BA1425E6769D00E4492F /* Resources */,
			);
			buildRules = (
			);
			dependencies = (
			);
			name = "Drinking Game";
			packageProductDependencies = (
				4E04BA3F25E6ED8A00E4492F /* ActivityIndicatorView */,
			);
			productName = "Drinking Game";
			productReference = 4E04BA1625E6769D00E4492F /* Drinking Game.app */;
			productType = "com.apple.product-type.application";
		};
/* End PBXNativeTarget section */

/* Begin PBXProject section */
		4E04BA0E25E6769D00E4492F /* Project object */ = {
			isa = PBXProject;
			attributes = {
				LastSwiftUpdateCheck = 1240;
				LastUpgradeCheck = 1240;
				TargetAttributes = {
					4E04BA1525E6769D00E4492F = {
						CreatedOnToolsVersion = 12.4;
					};
				};
			};
			buildConfigurationList = 4E04BA1125E6769D00E4492F /* Build configuration list for PBXProject "Drinking Game" */;
			compatibilityVersion = "Xcode 9.3";
			developmentRegion = en;
			hasScannedForEncodings = 0;
			knownRegions = (
				en,
				Base,
			);
			mainGroup = 4E04BA0D25E6769D00E4492F;
			packageReferences = (
				4E04BA3E25E6ED8A00E4492F /* XCRemoteSwiftPackageReference "ActivityIndicatorView" */,
			);
			productRefGroup = 4E04BA1725E6769D00E4492F /* Products */;
			projectDirPath = "";
			projectRoot = "";
			targets = (
				4E04BA1525E6769D00E4492F /* Drinking Game */,
			);
		};
/* End PBXProject section */

/* Begin PBXResourcesBuildPhase section */
		4E04BA1425E6769D00E4492F /* Resources */ = {
			isa = PBXResourcesBuildPhase;
			buildActionMask = 2147483647;
			files = (
				4E04BA2125E6769E00E4492F /* Preview Assets.xcassets in Resources */,
				4E04BA4425E6F59A00E4492F /* WelcomeOptions.json in Resources */,
				4E04BA1E25E6769E00E4492F /* Assets.xcassets in Resources */,
			);
			runOnlyForDeploymentPostprocessing = 0;
		};
/* End PBXResourcesBuildPhase section */

/* Begin PBXSourcesBuildPhase section */
		4E04BA1225E6769D00E4492F /* Sources */ = {
			isa = PBXSourcesBuildPhase;
			buildActionMask = 2147483647;
			files = (
				4E04BA4C25E6F6B600E4492F /* KategoriskeDrikkelekerView.swift in Sources */,
				4E04BA3925E6C87E00E4492F /* IntroView.swift in Sources */,
				4E7E430425E6FC1A0005B1CB /* WelcomeCathegories.swift in Sources */,
				4E04BA3525E6C6B700E4492F /* WelcomeView.swift in Sources */,
				4E04BA1A25E6769D00E4492F /* Drinking_GameApp.swift in Sources */,
				4E7E430B25E6FCD20005B1CB /* CathegoryService.swift in Sources */,
				4E7E430725E6FC7A0005B1CB /* WelcomeCathegoriesModel.swift in Sources */,
			);
			runOnlyForDeploymentPostprocessing = 0;
		};
/* End PBXSourcesBuildPhase section */

/* Begin XCBuildConfiguration section */
		4E04BA2325E6769E00E4492F /* Debug */ = {
			isa = XCBuildConfiguration;
			buildSettings = {
				ALWAYS_SEARCH_USER_PATHS = NO;
				CLANG_ANALYZER_NONNULL = YES;
				CLANG_ANALYZER_NUMBER_OBJECT_CONVERSION = YES_AGGRESSIVE;
				CLANG_CXX_LANGUAGE_STANDARD = "gnu++14";
				CLANG_CXX_LIBRARY = "libc++";
				CLANG_ENABLE_MODULES = YES;
				CLANG_ENABLE_OBJC_ARC = YES;
				CLANG_ENABLE_OBJC_WEAK = YES;
				CLANG_WARN_BLOCK_CAPTURE_AUTORELEASING = YES;
				CLANG_WARN_BOOL_CONVERSION = YES;
				CLANG_WARN_COMMA = YES;
				CLANG_WARN_CONSTANT_CONVERSION = YES;
				CLANG_WARN_DEPRECATED_OBJC_IMPLEMENTATIONS = YES;
				CLANG_WARN_DIRECT_OBJC_ISA_USAGE = YES_ERROR;
				CLANG_WARN_DOCUMENTATION_COMMENTS = YES;
				CLANG_WARN_EMPTY_BODY = YES;
				CLANG_WARN_ENUM_CONVERSION = YES;
				CLANG_WARN_INFINITE_RECURSION = YES;
				CLANG_WARN_INT_CONVERSION = YES;
				CLANG_WARN_NON_LITERAL_NULL_CONVERSION = YES;
				CLANG_WARN_OBJC_IMPLICIT_RETAIN_SELF = YES;
				CLANG_WARN_OBJC_LITERAL_CONVERSION = YES;
				CLANG_WARN_OBJC_ROOT_CLASS = YES_ERROR;
				CLANG_WARN_QUOTED_INCLUDE_IN_FRAMEWORK_HEADER = YES;
				CLANG_WARN_RANGE_LOOP_ANALYSIS = YES;
				CLANG_WARN_STRICT_PROTOTYPES = YES;
				CLANG_WARN_SUSPICIOUS_MOVE = YES;
				CLANG_WARN_UNGUARDED_AVAILABILITY = YES_AGGRESSIVE;
				CLANG_WARN_UNREACHABLE_CODE = YES;
				CLANG_WARN__DUPLICATE_METHOD_MATCH = YES;
				COPY_PHASE_STRIP = NO;
				DEBUG_INFORMATION_FORMAT = dwarf;
				ENABLE_STRICT_OBJC_MSGSEND = YES;
				ENABLE_TESTABILITY = YES;
				GCC_C_LANGUAGE_STANDARD = gnu11;
				GCC_DYNAMIC_NO_PIC = NO;
				GCC_NO_COMMON_BLOCKS = YES;
				GCC_OPTIMIZATION_LEVEL = 0;
				GCC_PREPROCESSOR_DEFINITIONS = (
					"DEBUG=1",
					"$(inherited)",
				);
				GCC_WARN_64_TO_32_BIT_CONVERSION = YES;
				GCC_WARN_ABOUT_RETURN_TYPE = YES_ERROR;
				GCC_WARN_UNDECLARED_SELECTOR = YES;
				GCC_WARN_UNINITIALIZED_AUTOS = YES_AGGRESSIVE;
				GCC_WARN_UNUSED_FUNCTION = YES;
				GCC_WARN_UNUSED_VARIABLE = YES;
				IPHONEOS_DEPLOYMENT_TARGET = 14.4;
				MTL_ENABLE_DEBUG_INFO = INCLUDE_SOURCE;
				MTL_FAST_MATH = YES;
				ONLY_ACTIVE_ARCH = YES;
				SDKROOT = iphoneos;
				SWIFT_ACTIVE_COMPILATION_CONDITIONS = DEBUG;
				SWIFT_OPTIMIZATION_LEVEL = "-Onone";
			};
			name = Debug;
		};
		4E04BA2425E6769E00E4492F /* Release */ = {
			isa = XCBuildConfiguration;
			buildSettings = {
				ALWAYS_SEARCH_USER_PATHS = NO;
				CLANG_ANALYZER_NONNULL = YES;
				CLANG_ANALYZER_NUMBER_OBJECT_CONVERSION = YES_AGGRESSIVE;
				CLANG_CXX_LANGUAGE_STANDARD = "gnu++14";
				CLANG_CXX_LIBRARY = "libc++";
				CLANG_ENABLE_MODULES = YES;
				CLANG_ENABLE_OBJC_ARC = YES;
				CLANG_ENABLE_OBJC_WEAK = YES;
				CLANG_WARN_BLOCK_CAPTURE_AUTORELEASING = YES;
				CLANG_WARN_BOOL_CONVERSION = YES;
				CLANG_WARN_COMMA = YES;
				CLANG_WARN_CONSTANT_CONVERSION = YES;
				CLANG_WARN_DEPRECATED_OBJC_IMPLEMENTATIONS = YES;
				CLANG_WARN_DIRECT_OBJC_ISA_USAGE = YES_ERROR;
				CLANG_WARN_DOCUMENTATION_COMMENTS = YES;
				CLANG_WARN_EMPTY_BODY = YES;
				CLANG_WARN_ENUM_CONVERSION = YES;
				CLANG_WARN_INFINITE_RECURSION = YES;
				CLANG_WARN_INT_CONVERSION = YES;
				CLANG_WARN_NON_LITERAL_NULL_CONVERSION = YES;
				CLANG_WARN_OBJC_IMPLICIT_RETAIN_SELF = YES;
				CLANG_WARN_OBJC_LITERAL_CONVERSION = YES;
				CLANG_WARN_OBJC_ROOT_CLASS = YES_ERROR;
				CLANG_WARN_QUOTED_INCLUDE_IN_FRAMEWORK_HEADER = YES;
				CLANG_WARN_RANGE_LOOP_ANALYSIS = YES;
				CLANG_WARN_STRICT_PROTOTYPES = YES;
				CLANG_WARN_SUSPICIOUS_MOVE = YES;
				CLANG_WARN_UNGUARDED_AVAILABILITY = YES_AGGRESSIVE;
				CLANG_WARN_UNREACHABLE_CODE = YES;
				CLANG_WARN__DUPLICATE_METHOD_MATCH = YES;
				COPY_PHASE_STRIP = NO;
				DEBUG_INFORMATION_FORMAT = "dwarf-with-dsym";
				ENABLE_NS_ASSERTIONS = NO;
				ENABLE_STRICT_OBJC_MSGSEND = YES;
				GCC_C_LANGUAGE_STANDARD = gnu11;
				GCC_NO_COMMON_BLOCKS = YES;
				GCC_WARN_64_TO_32_BIT_CONVERSION = YES;
				GCC_WARN_ABOUT_RETURN_TYPE = YES_ERROR;
				GCC_WARN_UNDECLARED_SELECTOR = YES;
				GCC_WARN_UNINITIALIZED_AUTOS = YES_AGGRESSIVE;
				GCC_WARN_UNUSED_FUNCTION = YES;
				GCC_WARN_UNUSED_VARIABLE = YES;
				IPHONEOS_DEPLOYMENT_TARGET = 14.4;
				MTL_ENABLE_DEBUG_INFO = NO;
				MTL_FAST_MATH = YES;
				SDKROOT = iphoneos;
				SWIFT_COMPILATION_MODE = wholemodule;
				SWIFT_OPTIMIZATION_LEVEL = "-O";
				VALIDATE_PRODUCT = YES;
			};
			name = Release;
		};
		4E04BA2625E6769E00E4492F /* Debug */ = {
			isa = XCBuildConfiguration;
			buildSettings = {
				ASSETCATALOG_COMPILER_APPICON_NAME = AppIcon;
				ASSETCATALOG_COMPILER_GLOBAL_ACCENT_COLOR_NAME = AccentColor;
				CODE_SIGN_STYLE = Automatic;
				DEVELOPMENT_ASSET_PATHS = "\"Drinking Game/Preview Content\"";
				DEVELOPMENT_TEAM = KFGBLPE4TG;
				ENABLE_PREVIEWS = YES;
				INFOPLIST_FILE = "Drinking Game/Info.plist";
				IPHONEOS_DEPLOYMENT_TARGET = 14.0;
				LD_RUNPATH_SEARCH_PATHS = (
					"$(inherited)",
					"@executable_path/Frameworks",
				);
				PRODUCT_BUNDLE_IDENTIFIER = "com.FredrikDovland.Drinking-Game";
				PRODUCT_NAME = "$(TARGET_NAME)";
				SWIFT_VERSION = 5.0;
				TARGETED_DEVICE_FAMILY = "1,2";
			};
			name = Debug;
		};
		4E04BA2725E6769E00E4492F /* Release */ = {
			isa = XCBuildConfiguration;
			buildSettings = {
				ASSETCATALOG_COMPILER_APPICON_NAME = AppIcon;
				ASSETCATALOG_COMPILER_GLOBAL_ACCENT_COLOR_NAME = AccentColor;
				CODE_SIGN_STYLE = Automatic;
				DEVELOPMENT_ASSET_PATHS = "\"Drinking Game/Preview Content\"";
				DEVELOPMENT_TEAM = KFGBLPE4TG;
				ENABLE_PREVIEWS = YES;
				INFOPLIST_FILE = "Drinking Game/Info.plist";
				IPHONEOS_DEPLOYMENT_TARGET = 14.0;
				LD_RUNPATH_SEARCH_PATHS = (
					"$(inherited)",
					"@executable_path/Frameworks",
				);
				PRODUCT_BUNDLE_IDENTIFIER = "com.FredrikDovland.Drinking-Game";
				PRODUCT_NAME = "$(TARGET_NAME)";
				SWIFT_VERSION = 5.0;
				TARGETED_DEVICE_FAMILY = "1,2";
			};
			name = Release;
		};
/* End XCBuildConfiguration section */

/* Begin XCConfigurationList section */
		4E04BA1125E6769D00E4492F /* Build configuration list for PBXProject "Drinking Game" */ = {
			isa = XCConfigurationList;
			buildConfigurations = (
				4E04BA2325E6769E00E4492F /* Debug */,
				4E04BA2425E6769E00E4492F /* Release */,
			);
			defaultConfigurationIsVisible = 0;
			defaultConfigurationName = Release;
		};
		4E04BA2525E6769E00E4492F /* Build configuration list for PBXNativeTarget "Drinking Game" */ = {
			isa = XCConfigurationList;
			buildConfigurations = (
				4E04BA2625E6769E00E4492F /* Debug */,
				4E04BA2725E6769E00E4492F /* Release */,
			);
			defaultConfigurationIsVisible = 0;
			defaultConfigurationName = Release;
		};
/* End XCConfigurationList section */

/* Begin XCRemoteSwiftPackageReference section */
		4E04BA3E25E6ED8A00E4492F /* XCRemoteSwiftPackageReference "ActivityIndicatorView" */ = {
			isa = XCRemoteSwiftPackageReference;
			repositoryURL = "https://github.com/exyte/ActivityIndicatorView";
			requirement = {
				kind = upToNextMajorVersion;
				minimumVersion = 0.0.6;
			};
		};
/* End XCRemoteSwiftPackageReference section */

/* Begin XCSwiftPackageProductDependency section */
		4E04BA3F25E6ED8A00E4492F /* ActivityIndicatorView */ = {
			isa = XCSwiftPackageProductDependency;
			package = 4E04BA3E25E6ED8A00E4492F /* XCRemoteSwiftPackageReference "ActivityIndicatorView" */;
			productName = ActivityIndicatorView;
		};
/* End XCSwiftPackageProductDependency section */
	};
	rootObject = 4E04BA0E25E6769D00E4492F /* Project object */;
}
